// !$*UTF8*$!
{
	archiveVersion = 1;
	classes = {
	};
	objectVersion = 46;
	objects = {

/* Begin PBXBuildFile section */
		CB559B5B1CB2A2DA0098DA66 /* LampViewController.swift in Sources */ = {isa = PBXBuildFile; fileRef = CB559B5A1CB2A2DA0098DA66 /* LampViewController.swift */; };
		CB559B5D1CB2A3450098DA66 /* RadiatorViewController.swift in Sources */ = {isa = PBXBuildFile; fileRef = CB559B5C1CB2A3450098DA66 /* RadiatorViewController.swift */; };
		CB5757381CE0B90D00A61F1A /* LoggingUITabBarController.swift in Sources */ = {isa = PBXBuildFile; fileRef = CB5757371CE0B90D00A61F1A /* LoggingUITabBarController.swift */; };
		CB7D6CCF1CAEA75800CDEE76 /* Lamp.swift in Sources */ = {isa = PBXBuildFile; fileRef = CB7D6CCE1CAEA75800CDEE76 /* Lamp.swift */; };
		CB7D6CD11CAEA76400CDEE76 /* Radiator.swift in Sources */ = {isa = PBXBuildFile; fileRef = CB7D6CD01CAEA76400CDEE76 /* Radiator.swift */; };
		CB837F651CA291E400AE8183 /* AppDelegate.swift in Sources */ = {isa = PBXBuildFile; fileRef = CB837F641CA291E400AE8183 /* AppDelegate.swift */; };
		CB837F6C1CA291E400AE8183 /* Main.storyboard in Resources */ = {isa = PBXBuildFile; fileRef = CB837F6A1CA291E400AE8183 /* Main.storyboard */; };
		CB837F6E1CA291E400AE8183 /* Assets.xcassets in Resources */ = {isa = PBXBuildFile; fileRef = CB837F6D1CA291E400AE8183 /* Assets.xcassets */; };
		CB837F711CA291E400AE8183 /* LaunchScreen.storyboard in Resources */ = {isa = PBXBuildFile; fileRef = CB837F6F1CA291E400AE8183 /* LaunchScreen.storyboard */; };
		CB837F7C1CA291E500AE8183 /* AttenHomeTests.swift in Sources */ = {isa = PBXBuildFile; fileRef = CB837F7B1CA291E500AE8183 /* AttenHomeTests.swift */; };
		CB837F871CA291E500AE8183 /* AttenHomeUITests.swift in Sources */ = {isa = PBXBuildFile; fileRef = CB837F861CA291E500AE8183 /* AttenHomeUITests.swift */; };
		CB837F951CA29FA900AE8183 /* RoomTableViewCell.swift in Sources */ = {isa = PBXBuildFile; fileRef = CB837F941CA29FA900AE8183 /* RoomTableViewCell.swift */; };
		CB837F971CA2A1AA00AE8183 /* RoomTableViewController.swift in Sources */ = {isa = PBXBuildFile; fileRef = CB837F961CA2A1AA00AE8183 /* RoomTableViewController.swift */; };
		CB837F991CA2A24200AE8183 /* Room.swift in Sources */ = {isa = PBXBuildFile; fileRef = CB837F981CA2A24200AE8183 /* Room.swift */; };
		CB837F9A1CA2A24200AE8183 /* Room.swift in Sources */ = {isa = PBXBuildFile; fileRef = CB837F981CA2A24200AE8183 /* Room.swift */; };
		CB837F9C1CA2A7ED00AE8183 /* Bullish@2x.png in Resources */ = {isa = PBXBuildFile; fileRef = CB837F9B1CA2A7ED00AE8183 /* Bullish@2x.png */; };
		CB837F9D1CA2A7ED00AE8183 /* Bullish@2x.png in Resources */ = {isa = PBXBuildFile; fileRef = CB837F9B1CA2A7ED00AE8183 /* Bullish@2x.png */; };
		CB837F9F1CA2A80800AE8183 /* Menu@2x.png in Resources */ = {isa = PBXBuildFile; fileRef = CB837F9E1CA2A80800AE8183 /* Menu@2x.png */; };
		CB837FA01CA2A80800AE8183 /* Menu@2x.png in Resources */ = {isa = PBXBuildFile; fileRef = CB837F9E1CA2A80800AE8183 /* Menu@2x.png */; };
		CB837FA41CA2B72D00AE8183 /* DeviceTableViewController.swift in Sources */ = {isa = PBXBuildFile; fileRef = CB837FA31CA2B72D00AE8183 /* DeviceTableViewController.swift */; };
		CB837FA61CA2B7AC00AE8183 /* Device.swift in Sources */ = {isa = PBXBuildFile; fileRef = CB837FA51CA2B7AC00AE8183 /* Device.swift */; };
		CB837FA81CA2B7E000AE8183 /* BaseModel.swift in Sources */ = {isa = PBXBuildFile; fileRef = CB837FA71CA2B7E000AE8183 /* BaseModel.swift */; };
		CB837FAA1CA2BC9200AE8183 /* DeviceTableViewCell.swift in Sources */ = {isa = PBXBuildFile; fileRef = CB837FA91CA2BC9200AE8183 /* DeviceTableViewCell.swift */; };
		CB837FB01CA3D06700AE8183 /* Lato-Italic.ttf in Resources */ = {isa = PBXBuildFile; fileRef = CB837FAB1CA3D06700AE8183 /* Lato-Italic.ttf */; };
		CB837FB11CA3D06700AE8183 /* Lato-Regular.ttf in Resources */ = {isa = PBXBuildFile; fileRef = CB837FAC1CA3D06700AE8183 /* Lato-Regular.ttf */; };
		CB837FB21CA3D06700AE8183 /* Merriweather-Bold.ttf in Resources */ = {isa = PBXBuildFile; fileRef = CB837FAD1CA3D06700AE8183 /* Merriweather-Bold.ttf */; };
		CB837FB31CA3D06700AE8183 /* Merriweather-Italic.ttf in Resources */ = {isa = PBXBuildFile; fileRef = CB837FAE1CA3D06700AE8183 /* Merriweather-Italic.ttf */; };
		CB837FB41CA3D06700AE8183 /* Merriweather-Regular.ttf in Resources */ = {isa = PBXBuildFile; fileRef = CB837FAF1CA3D06700AE8183 /* Merriweather-Regular.ttf */; };
		CB837FB61CA3D2CF00AE8183 /* Lato-Bold.ttf in Resources */ = {isa = PBXBuildFile; fileRef = CB837FB51CA3D2CF00AE8183 /* Lato-Bold.ttf */; };
		CB837FB81CA3D8D800AE8183 /* UIColor.swift in Sources */ = {isa = PBXBuildFile; fileRef = CB837FB71CA3D8D800AE8183 /* UIColor.swift */; };
		CBC3711A1CAE6CFA00AE8CE9 /* APICalls.swift in Sources */ = {isa = PBXBuildFile; fileRef = CBC371191CAE6CFA00AE8CE9 /* APICalls.swift */; };
		CBC3711C1CAEA52400AE8CE9 /* StatsTableViewController.swift in Sources */ = {isa = PBXBuildFile; fileRef = CBC3711B1CAEA52400AE8CE9 /* StatsTableViewController.swift */; };
		CBC371201CB27FCE00AE8CE9 /* House.swift in Sources */ = {isa = PBXBuildFile; fileRef = CBC3711F1CB27FCE00AE8CE9 /* House.swift */; };
		CBC371221CB28F0100AE8CE9 /* StatsTableViewCell.swift in Sources */ = {isa = PBXBuildFile; fileRef = CBC371211CB28F0100AE8CE9 /* StatsTableViewCell.swift */; };
		CBC371251CB2B2FC00AE8CE9 /* Down@3x.png in Resources */ = {isa = PBXBuildFile; fileRef = CBC371231CB2B2FC00AE8CE9 /* Down@3x.png */; };
		CBC371261CB2B2FC00AE8CE9 /* Up@3x.png in Resources */ = {isa = PBXBuildFile; fileRef = CBC371241CB2B2FC00AE8CE9 /* Up@3x.png */; };
		CBC371381CB4F92300AE8CE9 /* Charts.framework in Frameworks */ = {isa = PBXBuildFile; fileRef = CBC3712F1CB4F8DA00AE8CE9 /* Charts.framework */; settings = {ATTRIBUTES = (Required, ); }; };
		CBE7CEBA1CB67B6500AC4D66 /* logo@1x.png in Resources */ = {isa = PBXBuildFile; fileRef = CBE7CEB91CB67B6500AC4D66 /* logo@1x.png */; };
		CBE7CEDB1CB6832B00AC4D66 /* Attentec@3x.png in Resources */ = {isa = PBXBuildFile; fileRef = CBE7CEDA1CB6832B00AC4D66 /* Attentec@3x.png */; };
		CBE7CF161CBD18D700AC4D66 /* Charts.framework in Frameworks */ = {isa = PBXBuildFile; fileRef = CBC3712F1CB4F8DA00AE8CE9 /* Charts.framework */; };
		CBE7CF171CBD18D700AC4D66 /* Charts.framework in Embed Frameworks */ = {isa = PBXBuildFile; fileRef = CBC3712F1CB4F8DA00AE8CE9 /* Charts.framework */; settings = {ATTRIBUTES = (CodeSignOnCopy, RemoveHeadersOnCopy, ); }; };
/* End PBXBuildFile section */

/* Begin PBXContainerItemProxy section */
		CB837F781CA291E500AE8183 /* PBXContainerItemProxy */ = {
			isa = PBXContainerItemProxy;
			containerPortal = CB837F591CA291E400AE8183 /* Project object */;
			proxyType = 1;
			remoteGlobalIDString = CB837F601CA291E400AE8183;
			remoteInfo = AttenHome;
		};
		CB837F831CA291E500AE8183 /* PBXContainerItemProxy */ = {
			isa = PBXContainerItemProxy;
			containerPortal = CB837F591CA291E400AE8183 /* Project object */;
			proxyType = 1;
			remoteGlobalIDString = CB837F601CA291E400AE8183;
			remoteInfo = AttenHome;
		};
		CBC3712E1CB4F8DA00AE8CE9 /* PBXContainerItemProxy */ = {
			isa = PBXContainerItemProxy;
			containerPortal = CBC371271CB4F8D900AE8CE9 /* Charts.xcodeproj */;
			proxyType = 2;
			remoteGlobalIDString = 5BA8EC401A9D14DC00CE82E1;
			remoteInfo = "Charts-iOS";
		};
		CBC371301CB4F8DA00AE8CE9 /* PBXContainerItemProxy */ = {
			isa = PBXContainerItemProxy;
			containerPortal = CBC371271CB4F8D900AE8CE9 /* Charts.xcodeproj */;
			proxyType = 2;
			remoteGlobalIDString = A52C5C371BAC5CA400594CDD;
			remoteInfo = "Charts-TV";
		};
		CBC371321CB4F8DA00AE8CE9 /* PBXContainerItemProxy */ = {
			isa = PBXContainerItemProxy;
			containerPortal = CBC371271CB4F8D900AE8CE9 /* Charts.xcodeproj */;
			proxyType = 2;
			remoteGlobalIDString = 65B3F5BF1C7370BE000983D0;
			remoteInfo = "Charts-OSX";
		};
		CBC371341CB4F8DA00AE8CE9 /* PBXContainerItemProxy */ = {
			isa = PBXContainerItemProxy;
			containerPortal = CBC371271CB4F8D900AE8CE9 /* Charts.xcodeproj */;
			proxyType = 2;
			remoteGlobalIDString = 06AEE7A21BDC3F8B009875AE;
			remoteInfo = ChartsTests;
		};
		CBE7CF181CBD18D700AC4D66 /* PBXContainerItemProxy */ = {
			isa = PBXContainerItemProxy;
			containerPortal = CBC371271CB4F8D900AE8CE9 /* Charts.xcodeproj */;
			proxyType = 1;
			remoteGlobalIDString = 5BA8EC3F1A9D14DC00CE82E1;
			remoteInfo = "Charts-iOS";
		};
/* End PBXContainerItemProxy section */

/* Begin PBXCopyFilesBuildPhase section */
		CBE7CF1A1CBD18D700AC4D66 /* Embed Frameworks */ = {
			isa = PBXCopyFilesBuildPhase;
			buildActionMask = 2147483647;
			dstPath = "";
			dstSubfolderSpec = 10;
			files = (
				CBE7CF171CBD18D700AC4D66 /* Charts.framework in Embed Frameworks */,
			);
			name = "Embed Frameworks";
			runOnlyForDeploymentPostprocessing = 0;
		};
/* End PBXCopyFilesBuildPhase section */

/* Begin PBXFileReference section */
		CB559B5A1CB2A2DA0098DA66 /* LampViewController.swift */ = {isa = PBXFileReference; fileEncoding = 4; lastKnownFileType = sourcecode.swift; path = LampViewController.swift; sourceTree = "<group>"; };
		CB559B5C1CB2A3450098DA66 /* RadiatorViewController.swift */ = {isa = PBXFileReference; fileEncoding = 4; lastKnownFileType = sourcecode.swift; path = RadiatorViewController.swift; sourceTree = "<group>"; };
		CB5757371CE0B90D00A61F1A /* LoggingUITabBarController.swift */ = {isa = PBXFileReference; fileEncoding = 4; lastKnownFileType = sourcecode.swift; path = LoggingUITabBarController.swift; sourceTree = "<group>"; };
		CB7D6CCE1CAEA75800CDEE76 /* Lamp.swift */ = {isa = PBXFileReference; fileEncoding = 4; lastKnownFileType = sourcecode.swift; path = Lamp.swift; sourceTree = "<group>"; };
		CB7D6CD01CAEA76400CDEE76 /* Radiator.swift */ = {isa = PBXFileReference; fileEncoding = 4; lastKnownFileType = sourcecode.swift; path = Radiator.swift; sourceTree = "<group>"; };
		CB837F611CA291E400AE8183 /* AttenHome.app */ = {isa = PBXFileReference; explicitFileType = wrapper.application; includeInIndex = 0; path = AttenHome.app; sourceTree = BUILT_PRODUCTS_DIR; };
		CB837F641CA291E400AE8183 /* AppDelegate.swift */ = {isa = PBXFileReference; lastKnownFileType = sourcecode.swift; path = AppDelegate.swift; sourceTree = "<group>"; };
		CB837F6B1CA291E400AE8183 /* Base */ = {isa = PBXFileReference; lastKnownFileType = file.storyboard; name = Base; path = Base.lproj/Main.storyboard; sourceTree = "<group>"; };
		CB837F6D1CA291E400AE8183 /* Assets.xcassets */ = {isa = PBXFileReference; lastKnownFileType = folder.assetcatalog; path = Assets.xcassets; sourceTree = "<group>"; };
		CB837F701CA291E400AE8183 /* Base */ = {isa = PBXFileReference; lastKnownFileType = file.storyboard; name = Base; path = Base.lproj/LaunchScreen.storyboard; sourceTree = "<group>"; };
		CB837F721CA291E400AE8183 /* Info.plist */ = {isa = PBXFileReference; lastKnownFileType = text.plist.xml; path = Info.plist; sourceTree = "<group>"; };
		CB837F771CA291E500AE8183 /* AttenHomeTests.xctest */ = {isa = PBXFileReference; explicitFileType = wrapper.cfbundle; includeInIndex = 0; path = AttenHomeTests.xctest; sourceTree = BUILT_PRODUCTS_DIR; };
		CB837F7B1CA291E500AE8183 /* AttenHomeTests.swift */ = {isa = PBXFileReference; lastKnownFileType = sourcecode.swift; path = AttenHomeTests.swift; sourceTree = "<group>"; };
		CB837F7D1CA291E500AE8183 /* Info.plist */ = {isa = PBXFileReference; lastKnownFileType = text.plist.xml; path = Info.plist; sourceTree = "<group>"; };
		CB837F821CA291E500AE8183 /* AttenHomeUITests.xctest */ = {isa = PBXFileReference; explicitFileType = wrapper.cfbundle; includeInIndex = 0; path = AttenHomeUITests.xctest; sourceTree = BUILT_PRODUCTS_DIR; };
		CB837F861CA291E500AE8183 /* AttenHomeUITests.swift */ = {isa = PBXFileReference; lastKnownFileType = sourcecode.swift; path = AttenHomeUITests.swift; sourceTree = "<group>"; };
		CB837F881CA291E500AE8183 /* Info.plist */ = {isa = PBXFileReference; lastKnownFileType = text.plist.xml; path = Info.plist; sourceTree = "<group>"; };
		CB837F941CA29FA900AE8183 /* RoomTableViewCell.swift */ = {isa = PBXFileReference; fileEncoding = 4; lastKnownFileType = sourcecode.swift; path = RoomTableViewCell.swift; sourceTree = "<group>"; };
		CB837F961CA2A1AA00AE8183 /* RoomTableViewController.swift */ = {isa = PBXFileReference; fileEncoding = 4; lastKnownFileType = sourcecode.swift; path = RoomTableViewController.swift; sourceTree = "<group>"; };
		CB837F981CA2A24200AE8183 /* Room.swift */ = {isa = PBXFileReference; fileEncoding = 4; lastKnownFileType = sourcecode.swift; path = Room.swift; sourceTree = "<group>"; };
		CB837F9B1CA2A7ED00AE8183 /* Bullish@2x.png */ = {isa = PBXFileReference; lastKnownFileType = image.png; name = "Bullish@2x.png"; path = "../../../react-native-AttenHome/Bullish@2x.png"; sourceTree = "<group>"; };
		CB837F9E1CA2A80800AE8183 /* Menu@2x.png */ = {isa = PBXFileReference; lastKnownFileType = image.png; name = "Menu@2x.png"; path = "../../../react-native-AttenHome/Menu@2x.png"; sourceTree = "<group>"; };
		CB837FA31CA2B72D00AE8183 /* DeviceTableViewController.swift */ = {isa = PBXFileReference; fileEncoding = 4; lastKnownFileType = sourcecode.swift; path = DeviceTableViewController.swift; sourceTree = "<group>"; };
		CB837FA51CA2B7AC00AE8183 /* Device.swift */ = {isa = PBXFileReference; fileEncoding = 4; lastKnownFileType = sourcecode.swift; path = Device.swift; sourceTree = "<group>"; };
		CB837FA71CA2B7E000AE8183 /* BaseModel.swift */ = {isa = PBXFileReference; fileEncoding = 4; lastKnownFileType = sourcecode.swift; path = BaseModel.swift; sourceTree = "<group>"; };
		CB837FA91CA2BC9200AE8183 /* DeviceTableViewCell.swift */ = {isa = PBXFileReference; fileEncoding = 4; lastKnownFileType = sourcecode.swift; path = DeviceTableViewCell.swift; sourceTree = "<group>"; };
		CB837FAB1CA3D06700AE8183 /* Lato-Italic.ttf */ = {isa = PBXFileReference; lastKnownFileType = file; name = "Lato-Italic.ttf"; path = "../../../react-native-AttenHome/fonts/Lato-Italic.ttf"; sourceTree = "<group>"; };
		CB837FAC1CA3D06700AE8183 /* Lato-Regular.ttf */ = {isa = PBXFileReference; lastKnownFileType = file; name = "Lato-Regular.ttf"; path = "../../../react-native-AttenHome/fonts/Lato-Regular.ttf"; sourceTree = "<group>"; };
		CB837FAD1CA3D06700AE8183 /* Merriweather-Bold.ttf */ = {isa = PBXFileReference; lastKnownFileType = file; name = "Merriweather-Bold.ttf"; path = "../../../react-native-AttenHome/fonts/Merriweather-Bold.ttf"; sourceTree = "<group>"; };
		CB837FAE1CA3D06700AE8183 /* Merriweather-Italic.ttf */ = {isa = PBXFileReference; lastKnownFileType = file; name = "Merriweather-Italic.ttf"; path = "../../../react-native-AttenHome/fonts/Merriweather-Italic.ttf"; sourceTree = "<group>"; };
		CB837FAF1CA3D06700AE8183 /* Merriweather-Regular.ttf */ = {isa = PBXFileReference; lastKnownFileType = file; name = "Merriweather-Regular.ttf"; path = "../../../react-native-AttenHome/fonts/Merriweather-Regular.ttf"; sourceTree = "<group>"; };
		CB837FB51CA3D2CF00AE8183 /* Lato-Bold.ttf */ = {isa = PBXFileReference; lastKnownFileType = file; name = "Lato-Bold.ttf"; path = "../../../react-native-AttenHome/fonts/Lato-Bold.ttf"; sourceTree = "<group>"; };
		CB837FB71CA3D8D800AE8183 /* UIColor.swift */ = {isa = PBXFileReference; fileEncoding = 4; lastKnownFileType = sourcecode.swift; path = UIColor.swift; sourceTree = "<group>"; };
		CBC371191CAE6CFA00AE8CE9 /* APICalls.swift */ = {isa = PBXFileReference; fileEncoding = 4; lastKnownFileType = sourcecode.swift; path = APICalls.swift; sourceTree = "<group>"; };
		CBC3711B1CAEA52400AE8CE9 /* StatsTableViewController.swift */ = {isa = PBXFileReference; fileEncoding = 4; lastKnownFileType = sourcecode.swift; path = StatsTableViewController.swift; sourceTree = "<group>"; };
		CBC3711F1CB27FCE00AE8CE9 /* House.swift */ = {isa = PBXFileReference; fileEncoding = 4; lastKnownFileType = sourcecode.swift; path = House.swift; sourceTree = "<group>"; };
		CBC371211CB28F0100AE8CE9 /* StatsTableViewCell.swift */ = {isa = PBXFileReference; fileEncoding = 4; lastKnownFileType = sourcecode.swift; path = StatsTableViewCell.swift; sourceTree = "<group>"; };
		CBC371231CB2B2FC00AE8CE9 /* Down@3x.png */ = {isa = PBXFileReference; lastKnownFileType = image.png; name = "Down@3x.png"; path = "../../../react-native-AttenHome/Down@3x.png"; sourceTree = "<group>"; };
		CBC371241CB2B2FC00AE8CE9 /* Up@3x.png */ = {isa = PBXFileReference; lastKnownFileType = image.png; name = "Up@3x.png"; path = "../../../react-native-AttenHome/Up@3x.png"; sourceTree = "<group>"; };
		CBC371271CB4F8D900AE8CE9 /* Charts.xcodeproj */ = {isa = PBXFileReference; lastKnownFileType = "wrapper.pb-project"; name = Charts.xcodeproj; path = ../Charts/Charts/Charts.xcodeproj; sourceTree = "<group>"; };
		CBE7CEB91CB67B6500AC4D66 /* logo@1x.png */ = {isa = PBXFileReference; lastKnownFileType = image.png; name = "logo@1x.png"; path = "../../../react-native-AttenHome/logo@1x.png"; sourceTree = "<group>"; };
		CBE7CEDA1CB6832B00AC4D66 /* Attentec@3x.png */ = {isa = PBXFileReference; lastKnownFileType = image.png; name = "Attentec@3x.png"; path = "../../../react-native-AttenHome/Attentec@3x.png"; sourceTree = "<group>"; };
/* End PBXFileReference section */

/* Begin PBXFrameworksBuildPhase section */
		CB837F5E1CA291E400AE8183 /* Frameworks */ = {
			isa = PBXFrameworksBuildPhase;
			buildActionMask = 2147483647;
			files = (
				CBC371381CB4F92300AE8CE9 /* Charts.framework in Frameworks */,
				CBE7CF161CBD18D700AC4D66 /* Charts.framework in Frameworks */,
			);
			runOnlyForDeploymentPostprocessing = 0;
		};
		CB837F741CA291E500AE8183 /* Frameworks */ = {
			isa = PBXFrameworksBuildPhase;
			buildActionMask = 2147483647;
			files = (
			);
			runOnlyForDeploymentPostprocessing = 0;
		};
		CB837F7F1CA291E500AE8183 /* Frameworks */ = {
			isa = PBXFrameworksBuildPhase;
			buildActionMask = 2147483647;
			files = (
			);
			runOnlyForDeploymentPostprocessing = 0;
		};
/* End PBXFrameworksBuildPhase section */

/* Begin PBXGroup section */
		CB837F581CA291E400AE8183 = {
			isa = PBXGroup;
			children = (
				CBC371271CB4F8D900AE8CE9 /* Charts.xcodeproj */,
				CB837F631CA291E400AE8183 /* AttenHome */,
				CB837F7A1CA291E500AE8183 /* AttenHomeTests */,
				CB837F851CA291E500AE8183 /* AttenHomeUITests */,
				CB837F621CA291E400AE8183 /* Products */,
			);
			sourceTree = "<group>";
		};
		CB837F621CA291E400AE8183 /* Products */ = {
			isa = PBXGroup;
			children = (
				CB837F611CA291E400AE8183 /* AttenHome.app */,
				CB837F771CA291E500AE8183 /* AttenHomeTests.xctest */,
				CB837F821CA291E500AE8183 /* AttenHomeUITests.xctest */,
			);
			name = Products;
			sourceTree = "<group>";
		};
		CB837F631CA291E400AE8183 /* AttenHome */ = {
			isa = PBXGroup;
			children = (
				CBC371191CAE6CFA00AE8CE9 /* APICalls.swift */,
				CB837F641CA291E400AE8183 /* AppDelegate.swift */,
				CB837F6D1CA291E400AE8183 /* Assets.xcassets */,
				CBE7CEDA1CB6832B00AC4D66 /* Attentec@3x.png */,
				CB837FA71CA2B7E000AE8183 /* BaseModel.swift */,
				CB837F9B1CA2A7ED00AE8183 /* Bullish@2x.png */,
				CB837FA51CA2B7AC00AE8183 /* Device.swift */,
				CB837FA91CA2BC9200AE8183 /* DeviceTableViewCell.swift */,
				CB837FA31CA2B72D00AE8183 /* DeviceTableViewController.swift */,
				CBC371231CB2B2FC00AE8CE9 /* Down@3x.png */,
				CBC3711F1CB27FCE00AE8CE9 /* House.swift */,
				CB837F721CA291E400AE8183 /* Info.plist */,
				CB7D6CCE1CAEA75800CDEE76 /* Lamp.swift */,
				CB559B5A1CB2A2DA0098DA66 /* LampViewController.swift */,
				CB837FB51CA3D2CF00AE8183 /* Lato-Bold.ttf */,
				CB837FAB1CA3D06700AE8183 /* Lato-Italic.ttf */,
				CB837FAC1CA3D06700AE8183 /* Lato-Regular.ttf */,
				CB837F6F1CA291E400AE8183 /* LaunchScreen.storyboard */,
				CBE7CEB91CB67B6500AC4D66 /* logo@1x.png */,
				CB837F6A1CA291E400AE8183 /* Main.storyboard */,
				CB837F9E1CA2A80800AE8183 /* Menu@2x.png */,
				CB837FAD1CA3D06700AE8183 /* Merriweather-Bold.ttf */,
				CB837FAE1CA3D06700AE8183 /* Merriweather-Italic.ttf */,
				CB837FAF1CA3D06700AE8183 /* Merriweather-Regular.ttf */,
				CB7D6CD01CAEA76400CDEE76 /* Radiator.swift */,
				CB559B5C1CB2A3450098DA66 /* RadiatorViewController.swift */,
				CB837F981CA2A24200AE8183 /* Room.swift */,
				CB837F941CA29FA900AE8183 /* RoomTableViewCell.swift */,
				CB837F961CA2A1AA00AE8183 /* RoomTableViewController.swift */,
				CBC371211CB28F0100AE8CE9 /* StatsTableViewCell.swift */,
				CBC3711B1CAEA52400AE8CE9 /* StatsTableViewController.swift */,
				CB837FB71CA3D8D800AE8183 /* UIColor.swift */,
				CBC371241CB2B2FC00AE8CE9 /* Up@3x.png */,
				CB5757371CE0B90D00A61F1A /* LoggingUITabBarController.swift */,
			);
			path = AttenHome;
			sourceTree = "<group>";
		};
		CB837F7A1CA291E500AE8183 /* AttenHomeTests */ = {
			isa = PBXGroup;
			children = (
				CB837F7B1CA291E500AE8183 /* AttenHomeTests.swift */,
				CB837F7D1CA291E500AE8183 /* Info.plist */,
			);
			path = AttenHomeTests;
			sourceTree = "<group>";
		};
		CB837F851CA291E500AE8183 /* AttenHomeUITests */ = {
			isa = PBXGroup;
			children = (
				CB837F861CA291E500AE8183 /* AttenHomeUITests.swift */,
				CB837F881CA291E500AE8183 /* Info.plist */,
			);
			path = AttenHomeUITests;
			sourceTree = "<group>";
		};
		CBC371281CB4F8D900AE8CE9 /* Products */ = {
			isa = PBXGroup;
			children = (
				CBC3712F1CB4F8DA00AE8CE9 /* Charts.framework */,
				CBC371311CB4F8DA00AE8CE9 /* Charts.framework */,
				CBC371331CB4F8DA00AE8CE9 /* Charts.framework */,
				CBC371351CB4F8DA00AE8CE9 /* ChartsTests.xctest */,
			);
			name = Products;
			sourceTree = "<group>";
		};
/* End PBXGroup section */

/* Begin PBXNativeTarget section */
		CB837F601CA291E400AE8183 /* AttenHome */ = {
			isa = PBXNativeTarget;
			buildConfigurationList = CB837F8B1CA291E500AE8183 /* Build configuration list for PBXNativeTarget "AttenHome" */;
			buildPhases = (
				CB837F5D1CA291E400AE8183 /* Sources */,
				CB837F5E1CA291E400AE8183 /* Frameworks */,
				CB837F5F1CA291E400AE8183 /* Resources */,
				CBE7CF1A1CBD18D700AC4D66 /* Embed Frameworks */,
			);
			buildRules = (
			);
			dependencies = (
				CBE7CF191CBD18D700AC4D66 /* PBXTargetDependency */,
			);
			name = AttenHome;
			productName = AttenHome;
			productReference = CB837F611CA291E400AE8183 /* AttenHome.app */;
			productType = "com.apple.product-type.application";
		};
		CB837F761CA291E500AE8183 /* AttenHomeTests */ = {
			isa = PBXNativeTarget;
			buildConfigurationList = CB837F8E1CA291E500AE8183 /* Build configuration list for PBXNativeTarget "AttenHomeTests" */;
			buildPhases = (
				CB837F731CA291E500AE8183 /* Sources */,
				CB837F741CA291E500AE8183 /* Frameworks */,
				CB837F751CA291E500AE8183 /* Resources */,
			);
			buildRules = (
			);
			dependencies = (
				CB837F791CA291E500AE8183 /* PBXTargetDependency */,
			);
			name = AttenHomeTests;
			productName = AttenHomeTests;
			productReference = CB837F771CA291E500AE8183 /* AttenHomeTests.xctest */;
			productType = "com.apple.product-type.bundle.unit-test";
		};
		CB837F811CA291E500AE8183 /* AttenHomeUITests */ = {
			isa = PBXNativeTarget;
			buildConfigurationList = CB837F911CA291E500AE8183 /* Build configuration list for PBXNativeTarget "AttenHomeUITests" */;
			buildPhases = (
				CB837F7E1CA291E500AE8183 /* Sources */,
				CB837F7F1CA291E500AE8183 /* Frameworks */,
				CB837F801CA291E500AE8183 /* Resources */,
			);
			buildRules = (
			);
			dependencies = (
				CB837F841CA291E500AE8183 /* PBXTargetDependency */,
			);
			name = AttenHomeUITests;
			productName = AttenHomeUITests;
			productReference = CB837F821CA291E500AE8183 /* AttenHomeUITests.xctest */;
			productType = "com.apple.product-type.bundle.ui-testing";
		};
/* End PBXNativeTarget section */

/* Begin PBXProject section */
		CB837F591CA291E400AE8183 /* Project object */ = {
			isa = PBXProject;
			attributes = {
				LastSwiftUpdateCheck = 0720;
				LastUpgradeCheck = 0720;
				ORGANIZATIONNAME = Attentec;
				TargetAttributes = {
					CB837F601CA291E400AE8183 = {
						CreatedOnToolsVersion = 7.2.1;
						DevelopmentTeam = TZVG8FBDZK;
					};
					CB837F761CA291E500AE8183 = {
						CreatedOnToolsVersion = 7.2.1;
						TestTargetID = CB837F601CA291E400AE8183;
					};
					CB837F811CA291E500AE8183 = {
						CreatedOnToolsVersion = 7.2.1;
						TestTargetID = CB837F601CA291E400AE8183;
					};
				};
			};
			buildConfigurationList = CB837F5C1CA291E400AE8183 /* Build configuration list for PBXProject "AttenHome" */;
			compatibilityVersion = "Xcode 3.2";
			developmentRegion = English;
			hasScannedForEncodings = 0;
			knownRegions = (
				en,
				Base,
			);
			mainGroup = CB837F581CA291E400AE8183;
			productRefGroup = CB837F621CA291E400AE8183 /* Products */;
			projectDirPath = "";
			projectReferences = (
				{
					ProductGroup = CBC371281CB4F8D900AE8CE9 /* Products */;
					ProjectRef = CBC371271CB4F8D900AE8CE9 /* Charts.xcodeproj */;
				},
			);
			projectRoot = "";
			targets = (
				CB837F601CA291E400AE8183 /* AttenHome */,
				CB837F761CA291E500AE8183 /* AttenHomeTests */,
				CB837F811CA291E500AE8183 /* AttenHomeUITests */,
			);
		};
/* End PBXProject section */

/* Begin PBXReferenceProxy section */
		CBC3712F1CB4F8DA00AE8CE9 /* Charts.framework */ = {
			isa = PBXReferenceProxy;
			fileType = wrapper.framework;
			path = Charts.framework;
			remoteRef = CBC3712E1CB4F8DA00AE8CE9 /* PBXContainerItemProxy */;
			sourceTree = BUILT_PRODUCTS_DIR;
		};
		CBC371311CB4F8DA00AE8CE9 /* Charts.framework */ = {
			isa = PBXReferenceProxy;
			fileType = wrapper.framework;
			path = Charts.framework;
			remoteRef = CBC371301CB4F8DA00AE8CE9 /* PBXContainerItemProxy */;
			sourceTree = BUILT_PRODUCTS_DIR;
		};
		CBC371331CB4F8DA00AE8CE9 /* Charts.framework */ = {
			isa = PBXReferenceProxy;
			fileType = wrapper.framework;
			path = Charts.framework;
			remoteRef = CBC371321CB4F8DA00AE8CE9 /* PBXContainerItemProxy */;
			sourceTree = BUILT_PRODUCTS_DIR;
		};
		CBC371351CB4F8DA00AE8CE9 /* ChartsTests.xctest */ = {
			isa = PBXReferenceProxy;
			fileType = wrapper.cfbundle;
			path = ChartsTests.xctest;
			remoteRef = CBC371341CB4F8DA00AE8CE9 /* PBXContainerItemProxy */;
			sourceTree = BUILT_PRODUCTS_DIR;
		};
/* End PBXReferenceProxy section */

/* Begin PBXResourcesBuildPhase section */
		CB837F5F1CA291E400AE8183 /* Resources */ = {
			isa = PBXResourcesBuildPhase;
			buildActionMask = 2147483647;
			files = (
				CB837FB61CA3D2CF00AE8183 /* Lato-Bold.ttf in Resources */,
				CB837F711CA291E400AE8183 /* LaunchScreen.storyboard in Resources */,
				CB837F6E1CA291E400AE8183 /* Assets.xcassets in Resources */,
				CB837F9C1CA2A7ED00AE8183 /* Bullish@2x.png in Resources */,
				CB837F9F1CA2A80800AE8183 /* Menu@2x.png in Resources */,
				CBC371251CB2B2FC00AE8CE9 /* Down@3x.png in Resources */,
				CBE7CEDB1CB6832B00AC4D66 /* Attentec@3x.png in Resources */,
				CBC371261CB2B2FC00AE8CE9 /* Up@3x.png in Resources */,
				CB837FB41CA3D06700AE8183 /* Merriweather-Regular.ttf in Resources */,
				CB837FB31CA3D06700AE8183 /* Merriweather-Italic.ttf in Resources */,
				CB837FB11CA3D06700AE8183 /* Lato-Regular.ttf in Resources */,
				CBE7CEBA1CB67B6500AC4D66 /* logo@1x.png in Resources */,
				CB837FB01CA3D06700AE8183 /* Lato-Italic.ttf in Resources */,
				CB837FB21CA3D06700AE8183 /* Merriweather-Bold.ttf in Resources */,
				CB837F6C1CA291E400AE8183 /* Main.storyboard in Resources */,
			);
			runOnlyForDeploymentPostprocessing = 0;
		};
		CB837F751CA291E500AE8183 /* Resources */ = {
			isa = PBXResourcesBuildPhase;
			buildActionMask = 2147483647;
			files = (
				CB837F9D1CA2A7ED00AE8183 /* Bullish@2x.png in Resources */,
				CB837FA01CA2A80800AE8183 /* Menu@2x.png in Resources */,
			);
			runOnlyForDeploymentPostprocessing = 0;
		};
		CB837F801CA291E500AE8183 /* Resources */ = {
			isa = PBXResourcesBuildPhase;
			buildActionMask = 2147483647;
			files = (
			);
			runOnlyForDeploymentPostprocessing = 0;
		};
/* End PBXResourcesBuildPhase section */

/* Begin PBXSourcesBuildPhase section */
		CB837F5D1CA291E400AE8183 /* Sources */ = {
			isa = PBXSourcesBuildPhase;
			buildActionMask = 2147483647;
			files = (
				CB837F971CA2A1AA00AE8183 /* RoomTableViewController.swift in Sources */,
				CB837FA41CA2B72D00AE8183 /* DeviceTableViewController.swift in Sources */,
				CB559B5D1CB2A3450098DA66 /* RadiatorViewController.swift in Sources */,
				CBC371201CB27FCE00AE8CE9 /* House.swift in Sources */,
				CB837FA81CA2B7E000AE8183 /* BaseModel.swift in Sources */,
				CBC371221CB28F0100AE8CE9 /* StatsTableViewCell.swift in Sources */,
				CB837F991CA2A24200AE8183 /* Room.swift in Sources */,
				CB837FB81CA3D8D800AE8183 /* UIColor.swift in Sources */,
				CB837FA61CA2B7AC00AE8183 /* Device.swift in Sources */,
				CB5757381CE0B90D00A61F1A /* LoggingUITabBarController.swift in Sources */,
				CBC3711C1CAEA52400AE8CE9 /* StatsTableViewController.swift in Sources */,
				CB837F651CA291E400AE8183 /* AppDelegate.swift in Sources */,
				CB559B5B1CB2A2DA0098DA66 /* LampViewController.swift in Sources */,
				CB7D6CD11CAEA76400CDEE76 /* Radiator.swift in Sources */,
				CB837F951CA29FA900AE8183 /* RoomTableViewCell.swift in Sources */,
				CBC3711A1CAE6CFA00AE8CE9 /* APICalls.swift in Sources */,
				CB837FAA1CA2BC9200AE8183 /* DeviceTableViewCell.swift in Sources */,
				CB7D6CCF1CAEA75800CDEE76 /* Lamp.swift in Sources */,
			);
			runOnlyForDeploymentPostprocessing = 0;
		};
		CB837F731CA291E500AE8183 /* Sources */ = {
			isa = PBXSourcesBuildPhase;
			buildActionMask = 2147483647;
			files = (
				CB837F9A1CA2A24200AE8183 /* Room.swift in Sources */,
				CB837F7C1CA291E500AE8183 /* AttenHomeTests.swift in Sources */,
			);
			runOnlyForDeploymentPostprocessing = 0;
		};
		CB837F7E1CA291E500AE8183 /* Sources */ = {
			isa = PBXSourcesBuildPhase;
			buildActionMask = 2147483647;
			files = (
				CB837F871CA291E500AE8183 /* AttenHomeUITests.swift in Sources */,
			);
			runOnlyForDeploymentPostprocessing = 0;
		};
/* End PBXSourcesBuildPhase section */

/* Begin PBXTargetDependency section */
		CB837F791CA291E500AE8183 /* PBXTargetDependency */ = {
			isa = PBXTargetDependency;
			target = CB837F601CA291E400AE8183 /* AttenHome */;
			targetProxy = CB837F781CA291E500AE8183 /* PBXContainerItemProxy */;
		};
		CB837F841CA291E500AE8183 /* PBXTargetDependency */ = {
			isa = PBXTargetDependency;
			target = CB837F601CA291E400AE8183 /* AttenHome */;
			targetProxy = CB837F831CA291E500AE8183 /* PBXContainerItemProxy */;
		};
		CBE7CF191CBD18D700AC4D66 /* PBXTargetDependency */ = {
			isa = PBXTargetDependency;
			name = "Charts-iOS";
			targetProxy = CBE7CF181CBD18D700AC4D66 /* PBXContainerItemProxy */;
		};
/* End PBXTargetDependency section */

/* Begin PBXVariantGroup section */
		CB837F6A1CA291E400AE8183 /* Main.storyboard */ = {
			isa = PBXVariantGroup;
			children = (
				CB837F6B1CA291E400AE8183 /* Base */,
			);
			name = Main.storyboard;
			sourceTree = "<group>";
		};
		CB837F6F1CA291E400AE8183 /* LaunchScreen.storyboard */ = {
			isa = PBXVariantGroup;
			children = (
				CB837F701CA291E400AE8183 /* Base */,
			);
			name = LaunchScreen.storyboard;
			sourceTree = "<group>";
		};
/* End PBXVariantGroup section */

/* Begin XCBuildConfiguration section */
		CB837F891CA291E500AE8183 /* Debug */ = {
			isa = XCBuildConfiguration;
			buildSettings = {
				ALWAYS_SEARCH_USER_PATHS = NO;
				CLANG_CXX_LANGUAGE_STANDARD = "gnu++0x";
				CLANG_CXX_LIBRARY = "libc++";
				CLANG_ENABLE_MODULES = YES;
				CLANG_ENABLE_OBJC_ARC = YES;
				CLANG_WARN_BOOL_CONVERSION = YES;
				CLANG_WARN_CONSTANT_CONVERSION = YES;
				CLANG_WARN_DIRECT_OBJC_ISA_USAGE = YES_ERROR;
				CLANG_WARN_EMPTY_BODY = YES;
				CLANG_WARN_ENUM_CONVERSION = YES;
				CLANG_WARN_INT_CONVERSION = YES;
				CLANG_WARN_OBJC_ROOT_CLASS = YES_ERROR;
				CLANG_WARN_UNREACHABLE_CODE = YES;
				CLANG_WARN__DUPLICATE_METHOD_MATCH = YES;
				"CODE_SIGN_IDENTITY[sdk=iphoneos*]" = "iPhone Developer";
				COPY_PHASE_STRIP = NO;
				DEBUG_INFORMATION_FORMAT = dwarf;
				ENABLE_STRICT_OBJC_MSGSEND = YES;
				ENABLE_TESTABILITY = YES;
				GCC_C_LANGUAGE_STANDARD = gnu99;
				GCC_DYNAMIC_NO_PIC = NO;
				GCC_NO_COMMON_BLOCKS = YES;
				GCC_OPTIMIZATION_LEVEL = 0;
				GCC_PREPROCESSOR_DEFINITIONS = (
					"DEBUG=1",
					"$(inherited)",
				);
				GCC_WARN_64_TO_32_BIT_CONVERSION = YES;
				GCC_WARN_ABOUT_RETURN_TYPE = YES_ERROR;
				GCC_WARN_UNDECLARED_SELECTOR = YES;
				GCC_WARN_UNINITIALIZED_AUTOS = YES_AGGRESSIVE;
				GCC_WARN_UNUSED_FUNCTION = YES;
				GCC_WARN_UNUSED_VARIABLE = YES;
				IPHONEOS_DEPLOYMENT_TARGET = 9.2;
				MTL_ENABLE_DEBUG_INFO = YES;
				ONLY_ACTIVE_ARCH = YES;
				SDKROOT = iphoneos;
				SWIFT_OPTIMIZATION_LEVEL = "-Onone";
			};
			name = Debug;
		};
		CB837F8A1CA291E500AE8183 /* Release */ = {
			isa = XCBuildConfiguration;
			buildSettings = {
				ALWAYS_SEARCH_USER_PATHS = NO;
				CLANG_CXX_LANGUAGE_STANDARD = "gnu++0x";
				CLANG_CXX_LIBRARY = "libc++";
				CLANG_ENABLE_MODULES = YES;
				CLANG_ENABLE_OBJC_ARC = YES;
				CLANG_WARN_BOOL_CONVERSION = YES;
				CLANG_WARN_CONSTANT_CONVERSION = YES;
				CLANG_WARN_DIRECT_OBJC_ISA_USAGE = YES_ERROR;
				CLANG_WARN_EMPTY_BODY = YES;
				CLANG_WARN_ENUM_CONVERSION = YES;
				CLANG_WARN_INT_CONVERSION = YES;
				CLANG_WARN_OBJC_ROOT_CLASS = YES_ERROR;
				CLANG_WARN_UNREACHABLE_CODE = YES;
				CLANG_WARN__DUPLICATE_METHOD_MATCH = YES;
				"CODE_SIGN_IDENTITY[sdk=iphoneos*]" = "iPhone Developer";
				COPY_PHASE_STRIP = NO;
				DEBUG_INFORMATION_FORMAT = "dwarf-with-dsym";
				ENABLE_NS_ASSERTIONS = NO;
				ENABLE_STRICT_OBJC_MSGSEND = YES;
				GCC_C_LANGUAGE_STANDARD = gnu99;
				GCC_NO_COMMON_BLOCKS = YES;
				GCC_WARN_64_TO_32_BIT_CONVERSION = YES;
				GCC_WARN_ABOUT_RETURN_TYPE = YES_ERROR;
				GCC_WARN_UNDECLARED_SELECTOR = YES;
				GCC_WARN_UNINITIALIZED_AUTOS = YES_AGGRESSIVE;
				GCC_WARN_UNUSED_FUNCTION = YES;
				GCC_WARN_UNUSED_VARIABLE = YES;
				IPHONEOS_DEPLOYMENT_TARGET = 9.2;
				MTL_ENABLE_DEBUG_INFO = NO;
				SDKROOT = iphoneos;
				VALIDATE_PRODUCT = YES;
			};
			name = Release;
		};
		CB837F8C1CA291E500AE8183 /* Debug */ = {
			isa = XCBuildConfiguration;
			buildSettings = {
				ASSETCATALOG_COMPILER_APPICON_NAME = AppIcon;
				CODE_SIGN_IDENTITY = "iPhone Developer";
				"CODE_SIGN_IDENTITY[sdk=iphoneos*]" = "iPhone Developer";
				EMBEDDED_CONTENT_CONTAINS_SWIFT = YES;
				INFOPLIST_FILE = AttenHome/Info.plist;
				LD_RUNPATH_SEARCH_PATHS = "$(inherited) @executable_path/Frameworks";
				PRODUCT_BUNDLE_IDENTIFIER = se.attentec.AttenHome;
				PRODUCT_NAME = "$(TARGET_NAME)";
				PROVISIONING_PROFILE = "";
			};
			name = Debug;
		};
		CB837F8D1CA291E500AE8183 /* Release */ = {
			isa = XCBuildConfiguration;
			buildSettings = {
				ASSETCATALOG_COMPILER_APPICON_NAME = AppIcon;
				CODE_SIGN_IDENTITY = "iPhone Developer";
				"CODE_SIGN_IDENTITY[sdk=iphoneos*]" = "iPhone Developer";
				EMBEDDED_CONTENT_CONTAINS_SWIFT = YES;
				INFOPLIST_FILE = AttenHome/Info.plist;
				LD_RUNPATH_SEARCH_PATHS = "$(inherited) @executable_path/Frameworks";
				PRODUCT_BUNDLE_IDENTIFIER = se.attentec.AttenHome;
				PRODUCT_NAME = "$(TARGET_NAME)";
				PROVISIONING_PROFILE = "";
			};
			name = Release;
		};
		CB837F8F1CA291E500AE8183 /* Debug */ = {
			isa = XCBuildConfiguration;
			buildSettings = {
				BUNDLE_LOADER = "$(TEST_HOST)";
				INFOPLIST_FILE = AttenHomeTests/Info.plist;
				LD_RUNPATH_SEARCH_PATHS = "$(inherited) @executable_path/Frameworks @loader_path/Frameworks";
				PRODUCT_BUNDLE_IDENTIFIER = se.attentec.AttenHomeTests;
				PRODUCT_NAME = "$(TARGET_NAME)";
				TEST_HOST = "$(BUILT_PRODUCTS_DIR)/AttenHome.app/AttenHome";
			};
			name = Debug;
		};
		CB837F901CA291E500AE8183 /* Release */ = {
			isa = XCBuildConfiguration;
			buildSettings = {
				BUNDLE_LOADER = "$(TEST_HOST)";
				INFOPLIST_FILE = AttenHomeTests/Info.plist;
				LD_RUNPATH_SEARCH_PATHS = "$(inherited) @executable_path/Frameworks @loader_path/Frameworks";
				PRODUCT_BUNDLE_IDENTIFIER = se.attentec.AttenHomeTests;
				PRODUCT_NAME = "$(TARGET_NAME)";
				TEST_HOST = "$(BUILT_PRODUCTS_DIR)/AttenHome.app/AttenHome";
			};
			name = Release;
		};
		CB837F921CA291E500AE8183 /* Debug */ = {
			isa = XCBuildConfiguration;
			buildSettings = {
				INFOPLIST_FILE = AttenHomeUITests/Info.plist;
				LD_RUNPATH_SEARCH_PATHS = "$(inherited) @executable_path/Frameworks @loader_path/Frameworks";
				PRODUCT_BUNDLE_IDENTIFIER = se.attentec.AttenHomeUITests;
				PRODUCT_NAME = "$(TARGET_NAME)";
				TEST_TARGET_NAME = AttenHome;
				USES_XCTRUNNER = YES;
			};
			name = Debug;
		};
		CB837F931CA291E500AE8183 /* Release */ = {
			isa = XCBuildConfiguration;
			buildSettings = {
				INFOPLIST_FILE = AttenHomeUITests/Info.plist;
				LD_RUNPATH_SEARCH_PATHS = "$(inherited) @executable_path/Frameworks @loader_path/Frameworks";
				PRODUCT_BUNDLE_IDENTIFIER = se.attentec.AttenHomeUITests;
				PRODUCT_NAME = "$(TARGET_NAME)";
				TEST_TARGET_NAME = AttenHome;
				USES_XCTRUNNER = YES;
			};
			name = Release;
		};
/* End XCBuildConfiguration section */

/* Begin XCConfigurationList section */
		CB837F5C1CA291E400AE8183 /* Build configuration list for PBXProject "AttenHome" */ = {
			isa = XCConfigurationList;
			buildConfigurations = (
				CB837F891CA291E500AE8183 /* Debug */,
				CB837F8A1CA291E500AE8183 /* Release */,
			);
			defaultConfigurationIsVisible = 0;
			defaultConfigurationName = Release;
		};
		CB837F8B1CA291E500AE8183 /* Build configuration list for PBXNativeTarget "AttenHome" */ = {
			isa = XCConfigurationList;
			buildConfigurations = (
				CB837F8C1CA291E500AE8183 /* Debug */,
				CB837F8D1CA291E500AE8183 /* Release */,
			);
			defaultConfigurationIsVisible = 0;
			defaultConfigurationName = Release;
		};
		CB837F8E1CA291E500AE8183 /* Build configuration list for PBXNativeTarget "AttenHomeTests" */ = {
			isa = XCConfigurationList;
			buildConfigurations = (
				CB837F8F1CA291E500AE8183 /* Debug */,
				CB837F901CA291E500AE8183 /* Release */,
			);
			defaultConfigurationIsVisible = 0;
			defaultConfigurationName = Release;
		};
		CB837F911CA291E500AE8183 /* Build configuration list for PBXNativeTarget "AttenHomeUITests" */ = {
			isa = XCConfigurationList;
			buildConfigurations = (
				CB837F921CA291E500AE8183 /* Debug */,
				CB837F931CA291E500AE8183 /* Release */,
			);
			defaultConfigurationIsVisible = 0;
			defaultConfigurationName = Release;
		};
/* End XCConfigurationList section */
	};
	rootObject = CB837F591CA291E400AE8183 /* Project object */;
}
